
Microsoft Visual Studio Solution File, Format Version 12.00
# Visual Studio 2013
VisualStudioVersion = 12.0.30501.0
MinimumVisualStudioVersion = 10.0.40219.1
Project("{FAE04EC0-301F-11D3-BF4B-00C04F79EFBC}") = "Rld.Acs.WpfApplication", "Rld.Acs.WpfApplication\Rld.Acs.WpfApplication.csproj", "{EACD48D5-33B5-42F6-B357-8582B193A048}"
	ProjectSection(ProjectDependencies) = postProject
		{265F3AA8-972D-4722-B182-8D0F593B05F0} = {265F3AA8-972D-4722-B182-8D0F593B05F0}
	EndProjectSection
EndProject
Project("{FAE04EC0-301F-11D3-BF4B-00C04F79EFBC}") = "Rld.Acs.Repository", "Rld.Acs.Repository\Rld.Acs.Repository.csproj", "{090002E5-AB29-4FF1-B6F0-2EA8AA8BCC9D}"
EndProject
Project("{FAE04EC0-301F-11D3-BF4B-00C04F79EFBC}") = "Rld.Acs.Model", "Rld.Acs.Model\Rld.Acs.Model.csproj", "{1F0D7445-70C1-48BE-8ECD-68F9B3A07D83}"
EndProject
Project("{FAE04EC0-301F-11D3-BF4B-00C04F79EFBC}") = "Rld.Acs.Repository.Mybatis.MsSql", "Rld.Acs.Repository.Mybatis.MsSql\Rld.Acs.Repository.Mybatis.MsSql.csproj", "{5BD9C61A-740D-4099-ADE2-9E583B43DF85}"
EndProject
Project("{FAE04EC0-301F-11D3-BF4B-00C04F79EFBC}") = "Rld.Acs.Repository.Mybatis.MySql", "Rld.Acs.Repository.Mybatis.Mysql\Rld.Acs.Repository.Mybatis.MySql.csproj", "{C2908D59-EC4F-4CCA-9DAE-4D26D0E6B1E5}"
EndProject
Project("{FAE04EC0-301F-11D3-BF4B-00C04F79EFBC}") = "Rld.Acs.Repository.Mybatis.Oracle", "Rld.Acs.Repository.Mybatis.Oracle\Rld.Acs.Repository.Mybatis.Oracle.csproj", "{BBE00324-9433-4D7F-A6B7-085EFF851184}"
EndProject
Project("{2150E333-8FDC-42A3-9474-1A3956D46DE8}") = "Repository", "Repository", "{1982FDA8-367A-45EC-86CD-41F03CE029D3}"
EndProject
Project("{2150E333-8FDC-42A3-9474-1A3956D46DE8}") = "lib", "lib", "{660A3DCB-05BB-405D-A8A7-B87DDCEC4C1A}"
	ProjectSection(SolutionItems) = preProject
		lib\Castle.DynamicProxy.dll = lib\Castle.DynamicProxy.dll
		lib\IBatisNet.Common.dll = lib\IBatisNet.Common.dll
		lib\IBatisNet.Common.Logging.Log4Net.dll = lib\IBatisNet.Common.Logging.Log4Net.dll
		lib\IBatisNet.DataAccess.dll = lib\IBatisNet.DataAccess.dll
		lib\IBatisNet.DataMapper.dll = lib\IBatisNet.DataMapper.dll
		lib\log4net.dll = lib\log4net.dll
		lib\Microsoft.WebSockets.dll = lib\Microsoft.WebSockets.dll
		lib\Riss.Devices.dll = lib\Riss.Devices.dll
	EndProjectSection
EndProject
Project("{FAE04EC0-301F-11D3-BF4B-00C04F79EFBC}") = "Rld.Acs.WebApi", "Rld.Acs.WebApi\Rld.Acs.WebApi.csproj", "{C633CD4F-21BF-4DD8-BD83-C361F5BD2D54}"
EndProject
Project("{FAE04EC0-301F-11D3-BF4B-00C04F79EFBC}") = "Rld.Acs.Unility", "Rld.Acs.Unility\Rld.Acs.Unility.csproj", "{56CD6CFE-8104-4B3F-997C-D84E6788F259}"
EndProject
Project("{FAE04EC0-301F-11D3-BF4B-00C04F79EFBC}") = "Rld.Acs.WpfApplication.Resources", "Rld.Acs.WpfApplication.Resources\Rld.Acs.WpfApplication.Resources.csproj", "{311ED256-EDC1-491F-8118-60F98BB3C53F}"
EndProject
Project("{FAE04EC0-301F-11D3-BF4B-00C04F79EFBC}") = "Rld.DeviceSystem.Contract", "Rld.DeviceSystem.Contract\Rld.DeviceSystem.Contract.csproj", "{0C2B88A5-1828-4A90-B8BE-66F710E17699}"
EndProject
Project("{FAE04EC0-301F-11D3-BF4B-00C04F79EFBC}") = "Rld.DeviceSystem.DeviceAdapter.ZDC2911", "Rld.DeviceSystem.DeviceAdapter.ZDC2911\Rld.DeviceSystem.DeviceAdapter.ZDC2911.csproj", "{A7C582ED-CFA8-467B-B299-1265D7D34DEA}"
EndProject
Project("{2150E333-8FDC-42A3-9474-1A3956D46DE8}") = "DeviceSystem", "DeviceSystem", "{8F69FA7D-8045-4267-A8B9-F1501D656F70}"
EndProject
Project("{FAE04EC0-301F-11D3-BF4B-00C04F79EFBC}") = "Rld.DeviceSystem.DeviceAdapter.ZDC2911.Host", "Rld.DeviceSystem.DeviceAdapter.ZDC2911.Host\Rld.DeviceSystem.DeviceAdapter.ZDC2911.Host.csproj", "{6DA71BD8-4163-4271-BF5B-E44BB9DA5475}"
EndProject
Project("{FAE04EC0-301F-11D3-BF4B-00C04F79EFBC}") = "Rld.Acs.DeviceSystem", "Rld.Acs.DeviceSystem\Rld.Acs.DeviceSystem.csproj", "{265F3AA8-972D-4722-B182-8D0F593B05F0}"
EndProject
Project("{FAE04EC0-301F-11D3-BF4B-00C04F79EFBC}") = "Rld.Acs.Model.Extension", "Rld.Acs.Model.Extension\Rld.Acs.Model.Extension.csproj", "{6C4EFEAC-6AEB-481F-8088-1EACC2EAA399}"
EndProject
Project("{2150E333-8FDC-42A3-9474-1A3956D46DE8}") = "Model", "Model", "{C3C54FFE-CF8A-4C6B-88DF-946A21436112}"
EndProject
Project("{2150E333-8FDC-42A3-9474-1A3956D46DE8}") = "Infrastructure", "Infrastructure", "{2D6689F4-BF6B-4727-B415-67C18AD68AB6}"
EndProject
Project("{FAE04EC0-301F-11D3-BF4B-00C04F79EFBC}") = "Rld.Acs.Backend", "Rld.Acs.Backend\Rld.Acs.Backend.csproj", "{4E985E9C-8D81-4C6E-A4DC-32AA35892C17}"
	ProjectSection(ProjectDependencies) = postProject
		{265F3AA8-972D-4722-B182-8D0F593B05F0} = {265F3AA8-972D-4722-B182-8D0F593B05F0}
	EndProjectSection
EndProject
Global
	GlobalSection(SolutionConfigurationPlatforms) = preSolution
		Debug|Any CPU = Debug|Any CPU
		Release|Any CPU = Release|Any CPU
	EndGlobalSection
	GlobalSection(ProjectConfigurationPlatforms) = postSolution
		{EACD48D5-33B5-42F6-B357-8582B193A048}.Debug|Any CPU.ActiveCfg = Debug|Any CPU
		{EACD48D5-33B5-42F6-B357-8582B193A048}.Debug|Any CPU.Build.0 = Debug|Any CPU
		{EACD48D5-33B5-42F6-B357-8582B193A048}.Release|Any CPU.ActiveCfg = Release|Any CPU
		{EACD48D5-33B5-42F6-B357-8582B193A048}.Release|Any CPU.Build.0 = Release|Any CPU
		{090002E5-AB29-4FF1-B6F0-2EA8AA8BCC9D}.Debug|Any CPU.ActiveCfg = Debug|Any CPU
		{090002E5-AB29-4FF1-B6F0-2EA8AA8BCC9D}.Debug|Any CPU.Build.0 = Debug|Any CPU
		{090002E5-AB29-4FF1-B6F0-2EA8AA8BCC9D}.Release|Any CPU.ActiveCfg = Release|Any CPU
		{090002E5-AB29-4FF1-B6F0-2EA8AA8BCC9D}.Release|Any CPU.Build.0 = Release|Any CPU
		{1F0D7445-70C1-48BE-8ECD-68F9B3A07D83}.Debug|Any CPU.ActiveCfg = Debug|Any CPU
		{1F0D7445-70C1-48BE-8ECD-68F9B3A07D83}.Debug|Any CPU.Build.0 = Debug|Any CPU
		{1F0D7445-70C1-48BE-8ECD-68F9B3A07D83}.Release|Any CPU.ActiveCfg = Release|Any CPU
		{1F0D7445-70C1-48BE-8ECD-68F9B3A07D83}.Release|Any CPU.Build.0 = Release|Any CPU
		{5BD9C61A-740D-4099-ADE2-9E583B43DF85}.Debug|Any CPU.ActiveCfg = Debug|Any CPU
		{5BD9C61A-740D-4099-ADE2-9E583B43DF85}.Debug|Any CPU.Build.0 = Debug|Any CPU
		{5BD9C61A-740D-4099-ADE2-9E583B43DF85}.Release|Any CPU.ActiveCfg = Release|Any CPU
		{5BD9C61A-740D-4099-ADE2-9E583B43DF85}.Release|Any CPU.Build.0 = Release|Any CPU
		{C2908D59-EC4F-4CCA-9DAE-4D26D0E6B1E5}.Debug|Any CPU.ActiveCfg = Debug|Any CPU
		{C2908D59-EC4F-4CCA-9DAE-4D26D0E6B1E5}.Debug|Any CPU.Build.0 = Debug|Any CPU
		{C2908D59-EC4F-4CCA-9DAE-4D26D0E6B1E5}.Release|Any CPU.ActiveCfg = Release|Any CPU
		{C2908D59-EC4F-4CCA-9DAE-4D26D0E6B1E5}.Release|Any CPU.Build.0 = Release|Any CPU
		{BBE00324-9433-4D7F-A6B7-085EFF851184}.Debug|Any CPU.ActiveCfg = Debug|Any CPU
		{BBE00324-9433-4D7F-A6B7-085EFF851184}.Debug|Any CPU.Build.0 = Debug|Any CPU
		{BBE00324-9433-4D7F-A6B7-085EFF851184}.Release|Any CPU.ActiveCfg = Release|Any CPU
		{BBE00324-9433-4D7F-A6B7-085EFF851184}.Release|Any CPU.Build.0 = Release|Any CPU
		{C633CD4F-21BF-4DD8-BD83-C361F5BD2D54}.Debug|Any CPU.ActiveCfg = Debug|Any CPU
		{C633CD4F-21BF-4DD8-BD83-C361F5BD2D54}.Debug|Any CPU.Build.0 = Debug|Any CPU
		{C633CD4F-21BF-4DD8-BD83-C361F5BD2D54}.Release|Any CPU.ActiveCfg = Release|Any CPU
		{C633CD4F-21BF-4DD8-BD83-C361F5BD2D54}.Release|Any CPU.Build.0 = Release|Any CPU
		{56CD6CFE-8104-4B3F-997C-D84E6788F259}.Debug|Any CPU.ActiveCfg = Debug|Any CPU
		{56CD6CFE-8104-4B3F-997C-D84E6788F259}.Debug|Any CPU.Build.0 = Debug|Any CPU
		{56CD6CFE-8104-4B3F-997C-D84E6788F259}.Release|Any CPU.ActiveCfg = Release|Any CPU
		{56CD6CFE-8104-4B3F-997C-D84E6788F259}.Release|Any CPU.Build.0 = Release|Any CPU
		{311ED256-EDC1-491F-8118-60F98BB3C53F}.Debug|Any CPU.ActiveCfg = Debug|Any CPU
		{311ED256-EDC1-491F-8118-60F98BB3C53F}.Debug|Any CPU.Build.0 = Debug|Any CPU
		{311ED256-EDC1-491F-8118-60F98BB3C53F}.Release|Any CPU.ActiveCfg = Release|Any CPU
		{311ED256-EDC1-491F-8118-60F98BB3C53F}.Release|Any CPU.Build.0 = Release|Any CPU
		{0C2B88A5-1828-4A90-B8BE-66F710E17699}.Debug|Any CPU.ActiveCfg = Debug|Any CPU
		{0C2B88A5-1828-4A90-B8BE-66F710E17699}.Debug|Any CPU.Build.0 = Debug|Any CPU
		{0C2B88A5-1828-4A90-B8BE-66F710E17699}.Release|Any CPU.ActiveCfg = Release|Any CPU
		{0C2B88A5-1828-4A90-B8BE-66F710E17699}.Release|Any CPU.Build.0 = Release|Any CPU
		{A7C582ED-CFA8-467B-B299-1265D7D34DEA}.Debug|Any CPU.ActiveCfg = Debug|Any CPU
		{A7C582ED-CFA8-467B-B299-1265D7D34DEA}.Debug|Any CPU.Build.0 = Debug|Any CPU
		{A7C582ED-CFA8-467B-B299-1265D7D34DEA}.Release|Any CPU.ActiveCfg = Release|Any CPU
		{A7C582ED-CFA8-467B-B299-1265D7D34DEA}.Release|Any CPU.Build.0 = Release|Any CPU
		{6DA71BD8-4163-4271-BF5B-E44BB9DA5475}.Debug|Any CPU.ActiveCfg = Debug|Any CPU
		{6DA71BD8-4163-4271-BF5B-E44BB9DA5475}.Debug|Any CPU.Build.0 = Debug|Any CPU
		{6DA71BD8-4163-4271-BF5B-E44BB9DA5475}.Release|Any CPU.ActiveCfg = Release|Any CPU
		{6DA71BD8-4163-4271-BF5B-E44BB9DA5475}.Release|Any CPU.Build.0 = Release|Any CPU
		{265F3AA8-972D-4722-B182-8D0F593B05F0}.Debug|Any CPU.ActiveCfg = Debug|Any CPU
		{265F3AA8-972D-4722-B182-8D0F593B05F0}.Debug|Any CPU.Build.0 = Debug|Any CPU
		{265F3AA8-972D-4722-B182-8D0F593B05F0}.Release|Any CPU.ActiveCfg = Release|Any CPU
		{265F3AA8-972D-4722-B182-8D0F593B05F0}.Release|Any CPU.Build.0 = Release|Any CPU
		{6C4EFEAC-6AEB-481F-8088-1EACC2EAA399}.Debug|Any CPU.ActiveCfg = Debug|Any CPU
		{6C4EFEAC-6AEB-481F-8088-1EACC2EAA399}.Debug|Any CPU.Build.0 = Debug|Any CPU
		{6C4EFEAC-6AEB-481F-8088-1EACC2EAA399}.Release|Any CPU.ActiveCfg = Release|Any CPU
		{6C4EFEAC-6AEB-481F-8088-1EACC2EAA399}.Release|Any CPU.Build.0 = Release|Any CPU
		{4E985E9C-8D81-4C6E-A4DC-32AA35892C17}.Debug|Any CPU.ActiveCfg = Debug|Any CPU
		{4E985E9C-8D81-4C6E-A4DC-32AA35892C17}.Debug|Any CPU.Build.0 = Debug|Any CPU
		{4E985E9C-8D81-4C6E-A4DC-32AA35892C17}.Release|Any CPU.ActiveCfg = Release|Any CPU
		{4E985E9C-8D81-4C6E-A4DC-32AA35892C17}.Release|Any CPU.Build.0 = Release|Any CPU
	EndGlobalSection
	GlobalSection(SolutionProperties) = preSolution
		HideSolutionNode = FALSE
	EndGlobalSection
	GlobalSection(NestedProjects) = preSolution
		{090002E5-AB29-4FF1-B6F0-2EA8AA8BCC9D} = {1982FDA8-367A-45EC-86CD-41F03CE029D3}
		{1F0D7445-70C1-48BE-8ECD-68F9B3A07D83} = {C3C54FFE-CF8A-4C6B-88DF-946A21436112}
		{5BD9C61A-740D-4099-ADE2-9E583B43DF85} = {1982FDA8-367A-45EC-86CD-41F03CE029D3}
		{C2908D59-EC4F-4CCA-9DAE-4D26D0E6B1E5} = {1982FDA8-367A-45EC-86CD-41F03CE029D3}
		{BBE00324-9433-4D7F-A6B7-085EFF851184} = {1982FDA8-367A-45EC-86CD-41F03CE029D3}
		{56CD6CFE-8104-4B3F-997C-D84E6788F259} = {2D6689F4-BF6B-4727-B415-67C18AD68AB6}
		{0C2B88A5-1828-4A90-B8BE-66F710E17699} = {8F69FA7D-8045-4267-A8B9-F1501D656F70}
		{A7C582ED-CFA8-467B-B299-1265D7D34DEA} = {8F69FA7D-8045-4267-A8B9-F1501D656F70}
		{6DA71BD8-4163-4271-BF5B-E44BB9DA5475} = {8F69FA7D-8045-4267-A8B9-F1501D656F70}
		{6C4EFEAC-6AEB-481F-8088-1EACC2EAA399} = {C3C54FFE-CF8A-4C6B-88DF-946A21436112}
	EndGlobalSection
EndGlobal
